{
  "name": "practice",
  "version": "1.0.0",
  "lockfileVersion": 1,
  "requires": true,
  "dependencies": {
    "es6-promise": {
      "version": "4.2.4",
      "resolved": "https://registry.npmjs.org/es6-promise/-/es6-promise-4.2.4.tgz",
      "integrity": "sha512-/NdNZVJg+uZgtm9eS3O6lrOLYmQag2DjdEXuPaHlZ6RuVqgqaVZfgYCepEIKsLqwdQArOPtC3XzRLqGGfT8KQQ=="
    },
    "module-js": {
      "version": "7.0.1",
      "resolved": "https://registry.npmjs.org/module-js/-/module-js-7.0.1.tgz",
      "integrity": "sha1-xc+ZdIhvKEStwsCWlLhEs0thkQQ=",
      "requires": {
        "resource-manager-js": "^4.0.1"
      }
    },
    "resource-manager-js": {
      "version": "4.0.1",
      "resolved": "https://registry.npmjs.org/resource-manager-js/-/resource-manager-js-4.0.1.tgz",
      "integrity": "sha1-KR6ExCTU2fI28vE9ANx33xAl7lI=",
      "requires": {
        "es6-promise": "^4.0.5",
        "whatwg-fetch": "^2.0.3"
      }
    },
    "whatwg-fetch": {
      "version": "2.0.4",
      "resolved": "https://registry.npmjs.org/whatwg-fetch/-/whatwg-fetch-2.0.4.tgz",
      "integrity": "sha512-dcQ1GWpOD/eEQ97k66aiEVpNnapVj90/+R+SXTPYGHpYBBypfKJEQjLrvMZ7YXbKm21gXd4NcuxUTjiv1YtLng=="
    }
  }
}
